
Microsoft Visual Studio Solution File, Format Version 12.00
# Visual Studio Version 17
VisualStudioVersion = 17.9.34723.18
MinimumVisualStudioVersion = 10.0.40219.1
Project("{FAE04EC0-301F-11D3-BF4B-00C04F79EFBC}") = "Memento", "Memento\Memento.csproj", "{57388D15-5D39-4A9C-8C4F-0FAB37110A09}"
EndProject
Global
	GlobalSection(SolutionConfigurationPlatforms) = preSolution
		Debug|Any CPU = Debug|Any CPU
		Release|Any CPU = Release|Any CPU
	EndGlobalSection
	GlobalSection(ProjectConfigurationPlatforms) = postSolution
		{57388D15-5D39-4A9C-8C4F-0FAB37110A09}.Debug|Any CPU.ActiveCfg = Debug|Any CPU
		{57388D15-5D39-4A9C-8C4F-0FAB37110A09}.Debug|Any CPU.Build.0 = Debug|Any CPU
		{57388D15-5D39-4A9C-8C4F-0FAB37110A09}.Release|Any CPU.ActiveCfg = Release|Any CPU
		{57388D15-5D39-4A9C-8C4F-0FAB37110A09}.Release|Any CPU.Build.0 = Release|Any CPU
	EndGlobalSection
	GlobalSection(SolutionProperties) = preSolution
		HideSolutionNode = FALSE
	EndGlobalSection
	GlobalSection(ExtensibilityGlobals) = postSolution
		SolutionGuid = {230B1F1F-4701-473F-9AAB-443E3C2EA7DD}
	EndGlobalSection
EndGlobal
